
Microsoft Visual Studio Solution File, Format Version 12.00
# Visual Studio 15
VisualStudioVersion = 15.0.28307.421
MinimumVisualStudioVersion = 10.0.40219.1
Project("{FAE04EC0-301F-11D3-BF4B-00C04F79EFBC}") = "ProteinTrackerWebServices", "ProteinTrackerWebServices\ProteinTrackerWebServices.csproj", "{40F0E65E-9C5B-4228-9DBD-1EB5492CD674}"
EndProject
Project("{FAE04EC0-301F-11D3-BF4B-00C04F79EFBC}") = "ProteinTrackerWebServices.Tests", "ProteinTrackerWebServices.Tests\ProteinTrackerWebServices.Tests.csproj", "{C3CE5035-EDB2-446C-BF25-56F66283D4D2}"
EndProject
Global
	GlobalSection(SolutionConfigurationPlatforms) = preSolution
		Debug|Any CPU = Debug|Any CPU
		Release|Any CPU = Release|Any CPU
	EndGlobalSection
	GlobalSection(ProjectConfigurationPlatforms) = postSolution
		{40F0E65E-9C5B-4228-9DBD-1EB5492CD674}.Debug|Any CPU.ActiveCfg = Debug|Any CPU
		{40F0E65E-9C5B-4228-9DBD-1EB5492CD674}.Debug|Any CPU.Build.0 = Debug|Any CPU
		{40F0E65E-9C5B-4228-9DBD-1EB5492CD674}.Release|Any CPU.ActiveCfg = Release|Any CPU
		{40F0E65E-9C5B-4228-9DBD-1EB5492CD674}.Release|Any CPU.Build.0 = Release|Any CPU
		{C3CE5035-EDB2-446C-BF25-56F66283D4D2}.Debug|Any CPU.ActiveCfg = Debug|Any CPU
		{C3CE5035-EDB2-446C-BF25-56F66283D4D2}.Debug|Any CPU.Build.0 = Debug|Any CPU
		{C3CE5035-EDB2-446C-BF25-56F66283D4D2}.Release|Any CPU.ActiveCfg = Release|Any CPU
		{C3CE5035-EDB2-446C-BF25-56F66283D4D2}.Release|Any CPU.Build.0 = Release|Any CPU
	EndGlobalSection
	GlobalSection(SolutionProperties) = preSolution
		HideSolutionNode = FALSE
	EndGlobalSection
	GlobalSection(ExtensibilityGlobals) = postSolution
		SolutionGuid = {3199C9E7-0F43-4041-AE16-70B48337244C}
	EndGlobalSection
EndGlobal
